
Microsoft Visual Studio Solution File, Format Version 12.00
# Visual Studio Version 16
VisualStudioVersion = 16.0.30804.86
MinimumVisualStudioVersion = 10.0.40219.1
Project("{FAE04EC0-301F-11D3-BF4B-00C04F79EFBC}") = "Game1", "Game1.csproj", "{1C93B890-E024-42B4-A9F9-5D8635855CF9}"
EndProject
Global
	GlobalSection(SolutionConfigurationPlatforms) = preSolution
		Debug|Any CPU = Debug|Any CPU
		Release|Any CPU = Release|Any CPU
	EndGlobalSection
	GlobalSection(ProjectConfigurationPlatforms) = postSolution
		{1C93B890-E024-42B4-A9F9-5D8635855CF9}.Debug|Any CPU.ActiveCfg = Debug|Any CPU
		{1C93B890-E024-42B4-A9F9-5D8635855CF9}.Debug|Any CPU.Build.0 = Debug|Any CPU
		{1C93B890-E024-42B4-A9F9-5D8635855CF9}.Release|Any CPU.ActiveCfg = Release|Any CPU
		{1C93B890-E024-42B4-A9F9-5D8635855CF9}.Release|Any CPU.Build.0 = Release|Any CPU
	EndGlobalSection
	GlobalSection(SolutionProperties) = preSolution
		HideSolutionNode = FALSE
	EndGlobalSection
	GlobalSection(ExtensibilityGlobals) = postSolution
		SolutionGuid = {F200379B-DEB7-41A2-B202-C5071579BAE5}
	EndGlobalSection
EndGlobal
